
Microsoft Visual Studio Solution File, Format Version 12.00
# Visual Studio Version 17
VisualStudioVersion = 17.3.32901.215
MinimumVisualStudioVersion = 10.0.40219.1
Project("{9A19103F-16F7-4668-BE54-9A1E7A4F7556}") = "LojaVirtual.API", "Ci.Calcados.API\LojaVirtual.API.csproj", "{8ABF9DE7-ED5C-4E1D-9A34-058AA68C679E}"
EndProject
Project("{2150E333-8FDC-42A3-9474-1A3956D46DE8}") = "Buinding Blocks", "Buinding Blocks", "{B6DE915C-71E3-4382-A9AC-33EE77ECFE67}"
EndProject
Project("{2150E333-8FDC-42A3-9474-1A3956D46DE8}") = "Core", "Core", "{556F8ACE-D593-46F8-82D3-650B1EAF66FF}"
EndProject
Project("{9A19103F-16F7-4668-BE54-9A1E7A4F7556}") = "Ci.Core", "Ci.Core\Ci.Core.csproj", "{0094A378-B5B2-48C8-861A-7D9D84369667}"
EndProject
Global
	GlobalSection(SolutionConfigurationPlatforms) = preSolution
		Debug|Any CPU = Debug|Any CPU
		Release|Any CPU = Release|Any CPU
	EndGlobalSection
	GlobalSection(ProjectConfigurationPlatforms) = postSolution
		{8ABF9DE7-ED5C-4E1D-9A34-058AA68C679E}.Debug|Any CPU.ActiveCfg = Debug|Any CPU
		{8ABF9DE7-ED5C-4E1D-9A34-058AA68C679E}.Debug|Any CPU.Build.0 = Debug|Any CPU
		{8ABF9DE7-ED5C-4E1D-9A34-058AA68C679E}.Release|Any CPU.ActiveCfg = Release|Any CPU
		{8ABF9DE7-ED5C-4E1D-9A34-058AA68C679E}.Release|Any CPU.Build.0 = Release|Any CPU
		{0094A378-B5B2-48C8-861A-7D9D84369667}.Debug|Any CPU.ActiveCfg = Debug|Any CPU
		{0094A378-B5B2-48C8-861A-7D9D84369667}.Debug|Any CPU.Build.0 = Debug|Any CPU
		{0094A378-B5B2-48C8-861A-7D9D84369667}.Release|Any CPU.ActiveCfg = Release|Any CPU
		{0094A378-B5B2-48C8-861A-7D9D84369667}.Release|Any CPU.Build.0 = Release|Any CPU
	EndGlobalSection
	GlobalSection(SolutionProperties) = preSolution
		HideSolutionNode = FALSE
	EndGlobalSection
	GlobalSection(NestedProjects) = preSolution
		{556F8ACE-D593-46F8-82D3-650B1EAF66FF} = {B6DE915C-71E3-4382-A9AC-33EE77ECFE67}
		{0094A378-B5B2-48C8-861A-7D9D84369667} = {556F8ACE-D593-46F8-82D3-650B1EAF66FF}
	EndGlobalSection
	GlobalSection(ExtensibilityGlobals) = postSolution
		SolutionGuid = {4D60F88C-A768-41C6-8E13-742ACBCF1946}
	EndGlobalSection
EndGlobal
