
Microsoft Visual Studio Solution File, Format Version 12.00
# Visual Studio Version 17
VisualStudioVersion = 17.3.32901.215
MinimumVisualStudioVersion = 10.0.40219.1
Project("{2150E333-8FDC-42A3-9474-1A3956D46DE8}") = "Buinding Blocks", "Buinding Blocks", "{B6DE915C-71E3-4382-A9AC-33EE77ECFE67}"
EndProject
Project("{2150E333-8FDC-42A3-9474-1A3956D46DE8}") = "Core", "Core", "{556F8ACE-D593-46F8-82D3-650B1EAF66FF}"
EndProject
Project("{9A19103F-16F7-4668-BE54-9A1E7A4F7556}") = "LojaVirtual.API", "LojaVirtual.API\LojaVirtual.API.csproj", "{67BE959D-A36C-4AA5-A2B7-BB3B675922E8}"
EndProject
Project("{9A19103F-16F7-4668-BE54-9A1E7A4F7556}") = "Loja.Core", "Loja.Core\Loja.Core.csproj", "{9825E0BD-8323-41A5-8C8D-44242784298D}"
EndProject
Project("{9A19103F-16F7-4668-BE54-9A1E7A4F7556}") = "RegistroLog.API", "RegistroLog.API\RegistroLog.API.csproj", "{537A5A39-5E2F-49AD-9A60-2A66286B8076}"
EndProject
Project("{FAE04EC0-301F-11D3-BF4B-00C04F79EFBC}") = "Loja.MessageBus", "LJ.MessageBus\Loja.MessageBus.csproj", "{2D93E335-EF92-4DBA-A91C-B98821780E25}"
EndProject
Global
	GlobalSection(SolutionConfigurationPlatforms) = preSolution
		Debug|Any CPU = Debug|Any CPU
		Release|Any CPU = Release|Any CPU
	EndGlobalSection
	GlobalSection(ProjectConfigurationPlatforms) = postSolution
		{67BE959D-A36C-4AA5-A2B7-BB3B675922E8}.Debug|Any CPU.ActiveCfg = Debug|Any CPU
		{67BE959D-A36C-4AA5-A2B7-BB3B675922E8}.Debug|Any CPU.Build.0 = Debug|Any CPU
		{67BE959D-A36C-4AA5-A2B7-BB3B675922E8}.Release|Any CPU.ActiveCfg = Release|Any CPU
		{67BE959D-A36C-4AA5-A2B7-BB3B675922E8}.Release|Any CPU.Build.0 = Release|Any CPU
		{9825E0BD-8323-41A5-8C8D-44242784298D}.Debug|Any CPU.ActiveCfg = Debug|Any CPU
		{9825E0BD-8323-41A5-8C8D-44242784298D}.Debug|Any CPU.Build.0 = Debug|Any CPU
		{9825E0BD-8323-41A5-8C8D-44242784298D}.Release|Any CPU.ActiveCfg = Release|Any CPU
		{9825E0BD-8323-41A5-8C8D-44242784298D}.Release|Any CPU.Build.0 = Release|Any CPU
		{537A5A39-5E2F-49AD-9A60-2A66286B8076}.Debug|Any CPU.ActiveCfg = Debug|Any CPU
		{537A5A39-5E2F-49AD-9A60-2A66286B8076}.Debug|Any CPU.Build.0 = Debug|Any CPU
		{537A5A39-5E2F-49AD-9A60-2A66286B8076}.Release|Any CPU.ActiveCfg = Release|Any CPU
		{537A5A39-5E2F-49AD-9A60-2A66286B8076}.Release|Any CPU.Build.0 = Release|Any CPU
		{2D93E335-EF92-4DBA-A91C-B98821780E25}.Debug|Any CPU.ActiveCfg = Debug|Any CPU
		{2D93E335-EF92-4DBA-A91C-B98821780E25}.Debug|Any CPU.Build.0 = Debug|Any CPU
		{2D93E335-EF92-4DBA-A91C-B98821780E25}.Release|Any CPU.ActiveCfg = Release|Any CPU
		{2D93E335-EF92-4DBA-A91C-B98821780E25}.Release|Any CPU.Build.0 = Release|Any CPU
	EndGlobalSection
	GlobalSection(SolutionProperties) = preSolution
		HideSolutionNode = FALSE
	EndGlobalSection
	GlobalSection(NestedProjects) = preSolution
		{556F8ACE-D593-46F8-82D3-650B1EAF66FF} = {B6DE915C-71E3-4382-A9AC-33EE77ECFE67}
		{9825E0BD-8323-41A5-8C8D-44242784298D} = {556F8ACE-D593-46F8-82D3-650B1EAF66FF}
		{2D93E335-EF92-4DBA-A91C-B98821780E25} = {556F8ACE-D593-46F8-82D3-650B1EAF66FF}
	EndGlobalSection
	GlobalSection(ExtensibilityGlobals) = postSolution
		SolutionGuid = {4D60F88C-A768-41C6-8E13-742ACBCF1946}
	EndGlobalSection
EndGlobal
