
Microsoft Visual Studio Solution File, Format Version 12.00
# Visual Studio Version 17
VisualStudioVersion = 17.3.32901.215
MinimumVisualStudioVersion = 10.0.40219.1
Project("{2150E333-8FDC-42A3-9474-1A3956D46DE8}") = "Buinding Blocks", "Buinding Blocks", "{B6DE915C-71E3-4382-A9AC-33EE77ECFE67}"
EndProject
Project("{2150E333-8FDC-42A3-9474-1A3956D46DE8}") = "Core", "Core", "{556F8ACE-D593-46F8-82D3-650B1EAF66FF}"
EndProject
Project("{9A19103F-16F7-4668-BE54-9A1E7A4F7556}") = "LojaVirtual.API", "LojaVirtual.API\LojaVirtual.API.csproj", "{67BE959D-A36C-4AA5-A2B7-BB3B675922E8}"
EndProject
Project("{9A19103F-16F7-4668-BE54-9A1E7A4F7556}") = "RegistroLog.API", "RegistroLog.API\RegistroLog.API.csproj", "{537A5A39-5E2F-49AD-9A60-2A66286B8076}"
EndProject
Project("{9A19103F-16F7-4668-BE54-9A1E7A4F7556}") = "Loja.MessageBus", "LJ.MessageBus\Loja.MessageBus.csproj", "{2D93E335-EF92-4DBA-A91C-B98821780E25}"
EndProject
Project("{2150E333-8FDC-42A3-9474-1A3956D46DE8}") = "0-Tests", "0-Tests", "{5521D1E5-8893-4724-BE5D-3D4C551608D9}"
EndProject
Project("{2150E333-8FDC-42A3-9474-1A3956D46DE8}") = "1 - Teste de Unidade", "1 - Teste de Unidade", "{1289CC1A-0EB7-4BD1-8DD8-3E8F59A0AAB4}"
EndProject
Project("{9A19103F-16F7-4668-BE54-9A1E7A4F7556}") = "LojaVirtual.Tests", "Tests\LojaVirtual.Tests\LojaVirtual.Tests.csproj", "{2AAA4697-B0F2-42B8-88D0-1E47E8B993AF}"
EndProject
Project("{9A19103F-16F7-4668-BE54-9A1E7A4F7556}") = "Loja.Core", "Loja.Core\Loja.Core.csproj", "{4BD346A0-4D04-4302-810B-53C328E4CA3C}"
EndProject
Global
	GlobalSection(SolutionConfigurationPlatforms) = preSolution
		Debug|Any CPU = Debug|Any CPU
		Release|Any CPU = Release|Any CPU
	EndGlobalSection
	GlobalSection(ProjectConfigurationPlatforms) = postSolution
		{67BE959D-A36C-4AA5-A2B7-BB3B675922E8}.Debug|Any CPU.ActiveCfg = Debug|Any CPU
		{67BE959D-A36C-4AA5-A2B7-BB3B675922E8}.Debug|Any CPU.Build.0 = Debug|Any CPU
		{67BE959D-A36C-4AA5-A2B7-BB3B675922E8}.Release|Any CPU.ActiveCfg = Release|Any CPU
		{67BE959D-A36C-4AA5-A2B7-BB3B675922E8}.Release|Any CPU.Build.0 = Release|Any CPU
		{537A5A39-5E2F-49AD-9A60-2A66286B8076}.Debug|Any CPU.ActiveCfg = Debug|Any CPU
		{537A5A39-5E2F-49AD-9A60-2A66286B8076}.Debug|Any CPU.Build.0 = Debug|Any CPU
		{537A5A39-5E2F-49AD-9A60-2A66286B8076}.Release|Any CPU.ActiveCfg = Release|Any CPU
		{537A5A39-5E2F-49AD-9A60-2A66286B8076}.Release|Any CPU.Build.0 = Release|Any CPU
		{2D93E335-EF92-4DBA-A91C-B98821780E25}.Debug|Any CPU.ActiveCfg = Debug|Any CPU
		{2D93E335-EF92-4DBA-A91C-B98821780E25}.Debug|Any CPU.Build.0 = Debug|Any CPU
		{2D93E335-EF92-4DBA-A91C-B98821780E25}.Release|Any CPU.ActiveCfg = Release|Any CPU
		{2D93E335-EF92-4DBA-A91C-B98821780E25}.Release|Any CPU.Build.0 = Release|Any CPU
		{2AAA4697-B0F2-42B8-88D0-1E47E8B993AF}.Debug|Any CPU.ActiveCfg = Debug|Any CPU
		{2AAA4697-B0F2-42B8-88D0-1E47E8B993AF}.Debug|Any CPU.Build.0 = Debug|Any CPU
		{2AAA4697-B0F2-42B8-88D0-1E47E8B993AF}.Release|Any CPU.ActiveCfg = Release|Any CPU
		{2AAA4697-B0F2-42B8-88D0-1E47E8B993AF}.Release|Any CPU.Build.0 = Release|Any CPU
		{4BD346A0-4D04-4302-810B-53C328E4CA3C}.Debug|Any CPU.ActiveCfg = Debug|Any CPU
		{4BD346A0-4D04-4302-810B-53C328E4CA3C}.Debug|Any CPU.Build.0 = Debug|Any CPU
		{4BD346A0-4D04-4302-810B-53C328E4CA3C}.Release|Any CPU.ActiveCfg = Release|Any CPU
		{4BD346A0-4D04-4302-810B-53C328E4CA3C}.Release|Any CPU.Build.0 = Release|Any CPU
	EndGlobalSection
	GlobalSection(SolutionProperties) = preSolution
		HideSolutionNode = FALSE
	EndGlobalSection
	GlobalSection(NestedProjects) = preSolution
		{556F8ACE-D593-46F8-82D3-650B1EAF66FF} = {B6DE915C-71E3-4382-A9AC-33EE77ECFE67}
		{2D93E335-EF92-4DBA-A91C-B98821780E25} = {556F8ACE-D593-46F8-82D3-650B1EAF66FF}
		{1289CC1A-0EB7-4BD1-8DD8-3E8F59A0AAB4} = {5521D1E5-8893-4724-BE5D-3D4C551608D9}
		{2AAA4697-B0F2-42B8-88D0-1E47E8B993AF} = {1289CC1A-0EB7-4BD1-8DD8-3E8F59A0AAB4}
		{4BD346A0-4D04-4302-810B-53C328E4CA3C} = {556F8ACE-D593-46F8-82D3-650B1EAF66FF}
	EndGlobalSection
	GlobalSection(ExtensibilityGlobals) = postSolution
		SolutionGuid = {4D60F88C-A768-41C6-8E13-742ACBCF1946}
	EndGlobalSection
EndGlobal
